
Microsoft Visual Studio Solution File, Format Version 12.00
# Visual Studio Version 17
VisualStudioVersion = 17.8.34408.163
MinimumVisualStudioVersion = 10.0.40219.1
Project("{9A19103F-16F7-4668-BE54-9A1E7A4F7556}") = "Nok.Api", "Nok.Api\Nok.Api.csproj", "{9726A945-13DE-4DE0-B57D-8B12FE522D61}"
EndProject
Project("{9A19103F-16F7-4668-BE54-9A1E7A4F7556}") = "Nok.Infrastructure", "Nok.Infrastructure\Nok.Infrastructure.csproj", "{6DA990EB-8514-488D-B1F2-0167D873C84B}"
EndProject
Project("{9A19103F-16F7-4668-BE54-9A1E7A4F7556}") = "Nok.Core", "Nok.Core\Nok.Core.csproj", "{106BFBCF-EA65-4A9A-97BB-0558214DE83C}"
EndProject
Project("{2150E333-8FDC-42A3-9474-1A3956D46DE8}") = "test", "test", "{8C98659D-3669-46B8-BA62-2E6DDB0DFDDA}"
EndProject
Project("{FAE04EC0-301F-11D3-BF4B-00C04F79EFBC}") = "Nok.Infrastructure.Test.Database.Seeder", "Nok.Infrastructure.Test.Database.Seeder\Nok.Infrastructure.Test.Database.Seeder.csproj", "{77A2DCAD-7281-4F9C-8E87-61A715E2B955}"
EndProject
Project("{FAE04EC0-301F-11D3-BF4B-00C04F79EFBC}") = "Nok.Api.Tests", "Nok.Api.Tests\Nok.Api.Tests.csproj", "{46BC99EB-E1CC-4C3E-8002-989ABD77B7EC}"
EndProject
Global
	GlobalSection(SolutionConfigurationPlatforms) = preSolution
		Debug|Any CPU = Debug|Any CPU
		Release|Any CPU = Release|Any CPU
	EndGlobalSection
	GlobalSection(ProjectConfigurationPlatforms) = postSolution
		{9726A945-13DE-4DE0-B57D-8B12FE522D61}.Debug|Any CPU.ActiveCfg = Debug|Any CPU
		{9726A945-13DE-4DE0-B57D-8B12FE522D61}.Debug|Any CPU.Build.0 = Debug|Any CPU
		{9726A945-13DE-4DE0-B57D-8B12FE522D61}.Release|Any CPU.ActiveCfg = Release|Any CPU
		{9726A945-13DE-4DE0-B57D-8B12FE522D61}.Release|Any CPU.Build.0 = Release|Any CPU
		{6DA990EB-8514-488D-B1F2-0167D873C84B}.Debug|Any CPU.ActiveCfg = Debug|Any CPU
		{6DA990EB-8514-488D-B1F2-0167D873C84B}.Debug|Any CPU.Build.0 = Debug|Any CPU
		{6DA990EB-8514-488D-B1F2-0167D873C84B}.Release|Any CPU.ActiveCfg = Release|Any CPU
		{6DA990EB-8514-488D-B1F2-0167D873C84B}.Release|Any CPU.Build.0 = Release|Any CPU
		{106BFBCF-EA65-4A9A-97BB-0558214DE83C}.Debug|Any CPU.ActiveCfg = Debug|Any CPU
		{106BFBCF-EA65-4A9A-97BB-0558214DE83C}.Debug|Any CPU.Build.0 = Debug|Any CPU
		{106BFBCF-EA65-4A9A-97BB-0558214DE83C}.Release|Any CPU.ActiveCfg = Release|Any CPU
		{106BFBCF-EA65-4A9A-97BB-0558214DE83C}.Release|Any CPU.Build.0 = Release|Any CPU
		{77A2DCAD-7281-4F9C-8E87-61A715E2B955}.Debug|Any CPU.ActiveCfg = Debug|Any CPU
		{77A2DCAD-7281-4F9C-8E87-61A715E2B955}.Debug|Any CPU.Build.0 = Debug|Any CPU
		{77A2DCAD-7281-4F9C-8E87-61A715E2B955}.Release|Any CPU.ActiveCfg = Release|Any CPU
		{77A2DCAD-7281-4F9C-8E87-61A715E2B955}.Release|Any CPU.Build.0 = Release|Any CPU
		{46BC99EB-E1CC-4C3E-8002-989ABD77B7EC}.Debug|Any CPU.ActiveCfg = Debug|Any CPU
		{46BC99EB-E1CC-4C3E-8002-989ABD77B7EC}.Debug|Any CPU.Build.0 = Debug|Any CPU
		{46BC99EB-E1CC-4C3E-8002-989ABD77B7EC}.Release|Any CPU.ActiveCfg = Release|Any CPU
		{46BC99EB-E1CC-4C3E-8002-989ABD77B7EC}.Release|Any CPU.Build.0 = Release|Any CPU
	EndGlobalSection
	GlobalSection(SolutionProperties) = preSolution
		HideSolutionNode = FALSE
	EndGlobalSection
	GlobalSection(NestedProjects) = preSolution
		{77A2DCAD-7281-4F9C-8E87-61A715E2B955} = {8C98659D-3669-46B8-BA62-2E6DDB0DFDDA}
	EndGlobalSection
	GlobalSection(ExtensibilityGlobals) = postSolution
		SolutionGuid = {99550F6D-FB46-4D5D-BCC9-0F0579257068}
	EndGlobalSection
EndGlobal
